
Microsoft Visual Studio Solution File, Format Version 12.00
# Visual Studio 15
VisualStudioVersion = 15.0.27428.2037
MinimumVisualStudioVersion = 10.0.40219.1
Project("{FAE04EC0-301F-11D3-BF4B-00C04F79EFBC}") = "sjnekinsWebApplication1", "sjnekinsWebApplication1\sjnekinsWebApplication1.csproj", "{A94B0AF2-1F18-4457-8E7F-343F84FF3916}"
EndProject
Project("{FAE04EC0-301F-11D3-BF4B-00C04F79EFBC}") = "sjnekinsWebApplication1.Tests", "sjnekinsWebApplication1.Tests\sjnekinsWebApplication1.Tests.csproj", "{115E796F-C0EC-4358-B985-4D7C85847F55}"
EndProject
Global
	GlobalSection(SolutionConfigurationPlatforms) = preSolution
		Debug|Any CPU = Debug|Any CPU
		Release|Any CPU = Release|Any CPU
	EndGlobalSection
	GlobalSection(ProjectConfigurationPlatforms) = postSolution
		{A94B0AF2-1F18-4457-8E7F-343F84FF3916}.Debug|Any CPU.ActiveCfg = Debug|Any CPU
		{A94B0AF2-1F18-4457-8E7F-343F84FF3916}.Debug|Any CPU.Build.0 = Debug|Any CPU
		{A94B0AF2-1F18-4457-8E7F-343F84FF3916}.Release|Any CPU.ActiveCfg = Release|Any CPU
		{A94B0AF2-1F18-4457-8E7F-343F84FF3916}.Release|Any CPU.Build.0 = Release|Any CPU
		{115E796F-C0EC-4358-B985-4D7C85847F55}.Debug|Any CPU.ActiveCfg = Debug|Any CPU
		{115E796F-C0EC-4358-B985-4D7C85847F55}.Debug|Any CPU.Build.0 = Debug|Any CPU
		{115E796F-C0EC-4358-B985-4D7C85847F55}.Release|Any CPU.ActiveCfg = Release|Any CPU
		{115E796F-C0EC-4358-B985-4D7C85847F55}.Release|Any CPU.Build.0 = Release|Any CPU
	EndGlobalSection
	GlobalSection(SolutionProperties) = preSolution
		HideSolutionNode = FALSE
	EndGlobalSection
	GlobalSection(ExtensibilityGlobals) = postSolution
		SolutionGuid = {A2650E8C-1C8C-47B4-82E6-57EBC6F63E94}
	EndGlobalSection
EndGlobal
